
Microsoft Visual Studio Solution File, Format Version 12.00
# Visual Studio Version 17
VisualStudioVersion = 17.4.33403.182
MinimumVisualStudioVersion = 10.0.40219.1
Project("{9A19103F-16F7-4668-BE54-9A1E7A4F7556}") = "PrintSpeedApp", "PrintSpeedApp.csproj", "{3BF59BEF-2B23-4E4C-BC97-E35303B0B0CE}"
EndProject
Project("{9A19103F-16F7-4668-BE54-9A1E7A4F7556}") = "UI", "..\UI\UI.csproj", "{0CFC49ED-B84A-4ECD-9D01-3F466B849DF8}"
EndProject
Global
	GlobalSection(SolutionConfigurationPlatforms) = preSolution
		Debug|Any CPU = Debug|Any CPU
		Release|Any CPU = Release|Any CPU
	EndGlobalSection
	GlobalSection(ProjectConfigurationPlatforms) = postSolution
		{3BF59BEF-2B23-4E4C-BC97-E35303B0B0CE}.Debug|Any CPU.ActiveCfg = Debug|Any CPU
		{3BF59BEF-2B23-4E4C-BC97-E35303B0B0CE}.Debug|Any CPU.Build.0 = Debug|Any CPU
		{3BF59BEF-2B23-4E4C-BC97-E35303B0B0CE}.Release|Any CPU.ActiveCfg = Release|Any CPU
		{3BF59BEF-2B23-4E4C-BC97-E35303B0B0CE}.Release|Any CPU.Build.0 = Release|Any CPU
		{0CFC49ED-B84A-4ECD-9D01-3F466B849DF8}.Debug|Any CPU.ActiveCfg = Debug|Any CPU
		{0CFC49ED-B84A-4ECD-9D01-3F466B849DF8}.Debug|Any CPU.Build.0 = Debug|Any CPU
		{0CFC49ED-B84A-4ECD-9D01-3F466B849DF8}.Release|Any CPU.ActiveCfg = Release|Any CPU
		{0CFC49ED-B84A-4ECD-9D01-3F466B849DF8}.Release|Any CPU.Build.0 = Release|Any CPU
	EndGlobalSection
	GlobalSection(SolutionProperties) = preSolution
		HideSolutionNode = FALSE
	EndGlobalSection
	GlobalSection(ExtensibilityGlobals) = postSolution
		SolutionGuid = {E6344BD1-0987-492B-8237-96C0CBA403EE}
	EndGlobalSection
EndGlobal
