
Microsoft Visual Studio Solution File, Format Version 12.00
# Visual Studio Version 17
VisualStudioVersion = 17.4.33403.182
MinimumVisualStudioVersion = 10.0.40219.1
Project("{FAE04EC0-301F-11D3-BF4B-00C04F79EFBC}") = "Demon", "Demon.csproj", "{28C2030B-A3BF-4D62-BB71-541C08E30864}"
EndProject
Global
	GlobalSection(SolutionConfigurationPlatforms) = preSolution
		Debug|Any CPU = Debug|Any CPU
		Release|Any CPU = Release|Any CPU
	EndGlobalSection
	GlobalSection(ProjectConfigurationPlatforms) = postSolution
		{28C2030B-A3BF-4D62-BB71-541C08E30864}.Debug|Any CPU.ActiveCfg = Debug|Any CPU
		{28C2030B-A3BF-4D62-BB71-541C08E30864}.Debug|Any CPU.Build.0 = Debug|Any CPU
		{28C2030B-A3BF-4D62-BB71-541C08E30864}.Release|Any CPU.ActiveCfg = Release|Any CPU
		{28C2030B-A3BF-4D62-BB71-541C08E30864}.Release|Any CPU.Build.0 = Release|Any CPU
	EndGlobalSection
	GlobalSection(SolutionProperties) = preSolution
		HideSolutionNode = FALSE
	EndGlobalSection
	GlobalSection(ExtensibilityGlobals) = postSolution
		SolutionGuid = {68D06521-9AD6-4AF8-9684-933C55967613}
	EndGlobalSection
EndGlobal
